{
  "name": "AngularAuth",
  "lockfileVersion": 3,
  "requires": true,
  "packages": {
    "": {
      "dependencies": {
        "@ionic/angular": "^7.5.3",
        "@ionic/storage-angular": "^4.0.0"
      }
    },
    "node_modules/@angular/common": {
      "version": "16.2.12",
      "resolved": "https://registry.npmjs.org/@angular/common/-/common-16.2.12.tgz",
      "integrity": "sha512-B+WY/cT2VgEaz9HfJitBmgdk4I333XG/ybC98CMC4Wz8E49T8yzivmmxXB3OD6qvjcOB6ftuicl6WBqLbZNg2w==",
      "peer": true,
      "dependencies": {
        "tslib": "^2.3.0"
      },
      "engines": {
        "node": "^16.14.0 || >=18.10.0"
      },
      "peerDependencies": {
        "@angular/core": "16.2.12",
        "rxjs": "^6.5.3 || ^7.4.0"
      }
    },
    "node_modules/@angular/core": {
      "version": "16.2.12",
      "resolved": "https://registry.npmjs.org/@angular/core/-/core-16.2.12.tgz",
      "integrity": "sha512-GLLlDeke/NjroaLYOks0uyzFVo6HyLl7VOm0K1QpLXnYvW63W9Ql/T3yguRZa7tRkOAeFZ3jw+1wnBD4O8MoUA==",
      "peer": true,
      "dependencies": {
        "tslib": "^2.3.0"
      },
      "engines": {
        "node": "^16.14.0 || >=18.10.0"
      },
      "peerDependencies": {
        "rxjs": "^6.5.3 || ^7.4.0",
        "zone.js": "~0.13.0"
      }
    },
    "node_modules/@angular/forms": {
      "version": "16.2.12",
      "resolved": "https://registry.npmjs.org/@angular/forms/-/forms-16.2.12.tgz",
      "integrity": "sha512-1Eao89hlBgLR3v8tU91vccn21BBKL06WWxl7zLpQmG6Hun+2jrThgOE4Pf3os4fkkbH4Apj0tWL2fNIWe/blbw==",
      "peer": true,
      "dependencies": {
        "tslib": "^2.3.0"
      },
      "engines": {
        "node": "^16.14.0 || >=18.10.0"
      },
      "peerDependencies": {
        "@angular/common": "16.2.12",
        "@angular/core": "16.2.12",
        "@angular/platform-browser": "16.2.12",
        "rxjs": "^6.5.3 || ^7.4.0"
      }
    },
    "node_modules/@angular/platform-browser": {
      "version": "16.2.12",
      "resolved": "https://registry.npmjs.org/@angular/platform-browser/-/platform-browser-16.2.12.tgz",
      "integrity": "sha512-NnH7ju1iirmVEsUq432DTm0nZBGQsBrU40M3ZeVHMQ2subnGiyUs3QyzDz8+VWLL/T5xTxWLt9BkDn65vgzlIQ==",
      "peer": true,
      "dependencies": {
        "tslib": "^2.3.0"
      },
      "engines": {
        "node": "^16.14.0 || >=18.10.0"
      },
      "peerDependencies": {
        "@angular/animations": "16.2.12",
        "@angular/common": "16.2.12",
        "@angular/core": "16.2.12"
      },
      "peerDependenciesMeta": {
        "@angular/animations": {
          "optional": true
        }
      }
    },
    "node_modules/@angular/router": {
      "version": "16.2.12",
      "resolved": "https://registry.npmjs.org/@angular/router/-/router-16.2.12.tgz",
      "integrity": "sha512-aU6QnYSza005V9P3W6PpkieL56O0IHps96DjqI1RS8yOJUl3THmokqYN4Fm5+HXy4f390FN9i6ftadYQDKeWmA==",
      "peer": true,
      "dependencies": {
        "tslib": "^2.3.0"
      },
      "engines": {
        "node": "^16.14.0 || >=18.10.0"
      },
      "peerDependencies": {
        "@angular/common": "16.2.12",
        "@angular/core": "16.2.12",
        "@angular/platform-browser": "16.2.12",
        "rxjs": "^6.5.3 || ^7.4.0"
      }
    },
    "node_modules/@ionic/angular": {
      "version": "7.5.3",
      "resolved": "https://registry.npmjs.org/@ionic/angular/-/angular-7.5.3.tgz",
      "integrity": "sha512-LgTF8nNFj0B71E98gPEAP4cbSAnNfpDG82l/FGtozG83nto60wp13rWPtVuqG+xLSZqHgV6vN6d9W+2NfE46SQ==",
      "dependencies": {
        "@ionic/core": "7.5.3",
        "ionicons": "^7.0.0",
        "jsonc-parser": "^3.0.0",
        "tslib": "^2.3.0"
      },
      "peerDependencies": {
        "@angular/core": ">=14.0.0",
        "@angular/forms": ">=14.0.0",
        "@angular/router": ">=14.0.0",
        "rxjs": ">=7.5.0",
        "zone.js": ">=0.11.0"
      }
    },
    "node_modules/@ionic/core": {
      "version": "7.5.3",
      "resolved": "https://registry.npmjs.org/@ionic/core/-/core-7.5.3.tgz",
      "integrity": "sha512-nd4NV6gSgohLvKHGmf+jAcgzI1387eKq3enjBfE574FK/ikl5CeIltv0MBVJr9lz0pNSL/y9m1tdaFg+syASuA==",
      "dependencies": {
        "@stencil/core": "^4.6.0",
        "ionicons": "^7.2.1",
        "tslib": "^2.1.0"
      }
    },
    "node_modules/@ionic/storage": {
      "version": "4.0.0",
      "resolved": "https://registry.npmjs.org/@ionic/storage/-/storage-4.0.0.tgz",
      "integrity": "sha512-3N21P19Xk6cICLnSXZ3ilRqbSXAGSFeIF3HNqz+1kARcm0UFT/vwmZreaXtFyq437vvEWOfJ2enlj3JHLKS0FA==",
      "dependencies": {
        "localforage": "^1.9.0"
      }
    },
    "node_modules/@ionic/storage-angular": {
      "version": "4.0.0",
      "resolved": "https://registry.npmjs.org/@ionic/storage-angular/-/storage-angular-4.0.0.tgz",
      "integrity": "sha512-FeSmCMCm1bMRfu5TFSqLtjdfEo/dLLUhLIrPmbhSYomVZdV/dNn4mBZv9SabyxSqn4bF31hw40y+4buhG+durQ==",
      "dependencies": {
        "@ionic/storage": "^4.0.0",
        "tslib": "^2.3.0"
      },
      "peerDependencies": {
        "@angular/core": "*",
        "rxjs": "*"
      }
    },
    "node_modules/@stencil/core": {
      "version": "4.7.1",
      "resolved": "https://registry.npmjs.org/@stencil/core/-/core-4.7.1.tgz",
      "integrity": "sha512-KDWA/3qDiABA5LqtHCmTVwORuzgu/YdC0FpSBwVmwlw6K8jUjbTA5JB6Q03da2F+EQlDHOVgbW0TNtHCm54uXQ==",
      "bin": {
        "stencil": "bin/stencil"
      },
      "engines": {
        "node": ">=16.0.0",
        "npm": ">=7.10.0"
      }
    },
    "node_modules/immediate": {
      "version": "3.0.6",
      "resolved": "https://registry.npmjs.org/immediate/-/immediate-3.0.6.tgz",
      "integrity": "sha512-XXOFtyqDjNDAQxVfYxuF7g9Il/IbWmmlQg2MYKOH8ExIT1qg6xc4zyS3HaEEATgs1btfzxq15ciUiY7gjSXRGQ=="
    },
    "node_modules/ionicons": {
      "version": "7.2.1",
      "resolved": "https://registry.npmjs.org/ionicons/-/ionicons-7.2.1.tgz",
      "integrity": "sha512-2pvCM7DGVEtbbj48PJzQrCADCQrqjU1nUYX9l9PyEWz3ZfdnLdAouqwPxLdl8tbaF9cE7OZRSlyQD7oLOLnGoQ==",
      "dependencies": {
        "@stencil/core": "^4.0.3"
      }
    },
    "node_modules/jsonc-parser": {
      "version": "3.2.0",
      "resolved": "https://registry.npmjs.org/jsonc-parser/-/jsonc-parser-3.2.0.tgz",
      "integrity": "sha512-gfFQZrcTc8CnKXp6Y4/CBT3fTc0OVuDofpre4aEeEpSBPV5X5v4+Vmx+8snU7RLPrNHPKSgLxGo9YuQzz20o+w=="
    },
    "node_modules/lie": {
      "version": "3.1.1",
      "resolved": "https://registry.npmjs.org/lie/-/lie-3.1.1.tgz",
      "integrity": "sha512-RiNhHysUjhrDQntfYSfY4MU24coXXdEOgw9WGcKHNeEwffDYbF//u87M1EWaMGzuFoSbqW0C9C6lEEhDOAswfw==",
      "dependencies": {
        "immediate": "~3.0.5"
      }
    },
    "node_modules/localforage": {
      "version": "1.10.0",
      "resolved": "https://registry.npmjs.org/localforage/-/localforage-1.10.0.tgz",
      "integrity": "sha512-14/H1aX7hzBBmmh7sGPd+AOMkkIrHM3Z1PAyGgZigA1H1p5O5ANnMyWzvpAETtG68/dC4pC0ncy3+PPGzXZHPg==",
      "dependencies": {
        "lie": "3.1.1"
      }
    },
    "node_modules/rxjs": {
      "version": "7.8.1",
      "resolved": "https://registry.npmjs.org/rxjs/-/rxjs-7.8.1.tgz",
      "integrity": "sha512-AA3TVj+0A2iuIoQkWEK/tqFjBq2j+6PO6Y0zJcvzLAFhEFIO3HL0vls9hWLncZbAAbK0mar7oZ4V079I/qPMxg==",
      "peer": true,
      "dependencies": {
        "tslib": "^2.1.0"
      }
    },
    "node_modules/tslib": {
      "version": "2.6.2",
      "resolved": "https://registry.npmjs.org/tslib/-/tslib-2.6.2.tgz",
      "integrity": "sha512-AEYxH93jGFPn/a2iVAwW87VuUIkR1FVUKB77NwMF7nBTDkDrrT/Hpt/IrCJ0QXhW27jTBDcf5ZY7w6RiqTMw2Q=="
    },
    "node_modules/zone.js": {
      "version": "0.13.3",
      "resolved": "https://registry.npmjs.org/zone.js/-/zone.js-0.13.3.tgz",
      "integrity": "sha512-MKPbmZie6fASC/ps4dkmIhaT5eonHkEt6eAy80K42tAm0G2W+AahLJjbfi6X9NPdciOE9GRFTTM8u2IiF6O3ww==",
      "peer": true,
      "dependencies": {
        "tslib": "^2.3.0"
      }
    }
  }
}
